
Microsoft Visual Studio Solution File, Format Version 12.00
# Visual Studio Version 16
VisualStudioVersion = 16.0.30114.105
MinimumVisualStudioVersion = 10.0.40219.1
Project("{2150E333-8FDC-42A3-9474-1A3956D46DE8}") = "Common", "Common", "{7C0B57EB-3C47-486D-857F-880C4782752E}"
EndProject
Project("{FAE04EC0-301F-11D3-BF4B-00C04F79EFBC}") = "Thoughts.Domain", "Common\Thoughts.Domain\Thoughts.Domain.csproj", "{73EAAD12-8C7C-41A8-8251-22F0A92E2753}"
EndProject
Project("{FAE04EC0-301F-11D3-BF4B-00C04F79EFBC}") = "Thoughts.Domain.Base", "Common\Thoughts.Domain.Base\Thoughts.Domain.Base.csproj", "{7B299B64-636C-470F-8138-B7463A3693BD}"
EndProject
Project("{2150E333-8FDC-42A3-9474-1A3956D46DE8}") = "Data", "Data", "{C3E1D31B-5256-4501-BF6F-C7BC0617745C}"
EndProject
Project("{FAE04EC0-301F-11D3-BF4B-00C04F79EFBC}") = "Thoughts.DAL", "Data\Thoughts.DAL\Thoughts.DAL.csproj", "{B1D2044D-A7BD-462B-9CA5-E2624B680966}"
EndProject
Project("{FAE04EC0-301F-11D3-BF4B-00C04F79EFBC}") = "Thoughts.DAL.Sqlite", "Data\Thoughts.DAL.Sqlite\Thoughts.DAL.Sqlite.csproj", "{E1422790-2495-400C-978C-12F82D10A41B}"
EndProject
Project("{FAE04EC0-301F-11D3-BF4B-00C04F79EFBC}") = "Thoughts.DAL.SqlServer", "Data\Thoughts.DAL.SqlServer\Thoughts.DAL.SqlServer.csproj", "{55EFE209-2E63-47F5-A5B7-7F6A9E9DBC1A}"
EndProject
Project("{2150E333-8FDC-42A3-9474-1A3956D46DE8}") = "Services", "Services", "{B46AC3E1-AAC0-4A39-A2E2-3F9C65F9E67D}"
EndProject
Project("{FAE04EC0-301F-11D3-BF4B-00C04F79EFBC}") = "Thoughts.Interfaces", "Services\Thoughts.Interfaces\Thoughts.Interfaces.csproj", "{8B77127B-C175-4EC4-89F0-AEFA469D3F05}"
EndProject
Project("{FAE04EC0-301F-11D3-BF4B-00C04F79EFBC}") = "Thoughts.Interfaces.Base", "Services\Thoughts.Interfaces.Base\Thoughts.Interfaces.Base.csproj", "{C21BA999-A3A7-4014-B572-545A05EDEB91}"
EndProject
Project("{FAE04EC0-301F-11D3-BF4B-00C04F79EFBC}") = "Thoughts.Services", "Services\Thoughts.Services\Thoughts.Services.csproj", "{0BAD1077-9A80-4B03-B139-83FB9AFE8EC5}"
EndProject
Project("{FAE04EC0-301F-11D3-BF4B-00C04F79EFBC}") = "Thoughts.WebAPI", "Services\Thoughts.WebAPI\Thoughts.WebAPI.csproj", "{1B3297CE-D166-4091-BCBC-C2548B23762E}"
EndProject
Project("{FAE04EC0-301F-11D3-BF4B-00C04F79EFBC}") = "Thoughts.WebAPI.Clients", "Services\Thoughts.WebAPI.Clients\Thoughts.WebAPI.Clients.csproj", "{F9E746F9-1947-4680-A300-C8FD2C6D615B}"
EndProject
Project("{2150E333-8FDC-42A3-9474-1A3956D46DE8}") = "Tests", "Tests", "{91BDAA17-EEF1-455F-BE95-2A82842F0B21}"
EndProject
Project("{FAE04EC0-301F-11D3-BF4B-00C04F79EFBC}") = "Thoughts.TestConsole", "Tests\Thoughts.TestConsole\Thoughts.TestConsole.csproj", "{529A81EB-D151-442B-8A7C-B633B2D5587D}"
EndProject
Project("{2150E333-8FDC-42A3-9474-1A3956D46DE8}") = "UI", "UI", "{2C5DD9AF-E265-4EEB-B96A-BED94C72417C}"
EndProject
Project("{FAE04EC0-301F-11D3-BF4B-00C04F79EFBC}") = "Thoughts.UI.MVC", "UI\Thoughts.UI.MVC\Thoughts.UI.MVC.csproj", "{576DF870-0E68-4DEC-8606-5C59A54B7F95}"
EndProject
Project("{FAE04EC0-301F-11D3-BF4B-00C04F79EFBC}") = "Thoughts.UI.WPF", "UI\Thoughts.UI.WPF\Thoughts.UI.WPF.csproj", "{42047E37-CC31-47AB-B3F4-2639BEC6299E}"
EndProject
Global
	GlobalSection(SolutionConfigurationPlatforms) = preSolution
		Debug|Any CPU = Debug|Any CPU
		Release|Any CPU = Release|Any CPU
	EndGlobalSection
	GlobalSection(SolutionProperties) = preSolution
		HideSolutionNode = FALSE
	EndGlobalSection
	GlobalSection(ProjectConfigurationPlatforms) = postSolution
		{73EAAD12-8C7C-41A8-8251-22F0A92E2753}.Debug|Any CPU.ActiveCfg = Debug|Any CPU
		{73EAAD12-8C7C-41A8-8251-22F0A92E2753}.Debug|Any CPU.Build.0 = Debug|Any CPU
		{73EAAD12-8C7C-41A8-8251-22F0A92E2753}.Release|Any CPU.ActiveCfg = Release|Any CPU
		{73EAAD12-8C7C-41A8-8251-22F0A92E2753}.Release|Any CPU.Build.0 = Release|Any CPU
		{7B299B64-636C-470F-8138-B7463A3693BD}.Debug|Any CPU.ActiveCfg = Debug|Any CPU
		{7B299B64-636C-470F-8138-B7463A3693BD}.Debug|Any CPU.Build.0 = Debug|Any CPU
		{7B299B64-636C-470F-8138-B7463A3693BD}.Release|Any CPU.ActiveCfg = Release|Any CPU
		{7B299B64-636C-470F-8138-B7463A3693BD}.Release|Any CPU.Build.0 = Release|Any CPU
		{B1D2044D-A7BD-462B-9CA5-E2624B680966}.Debug|Any CPU.ActiveCfg = Debug|Any CPU
		{B1D2044D-A7BD-462B-9CA5-E2624B680966}.Debug|Any CPU.Build.0 = Debug|Any CPU
		{B1D2044D-A7BD-462B-9CA5-E2624B680966}.Release|Any CPU.ActiveCfg = Release|Any CPU
		{B1D2044D-A7BD-462B-9CA5-E2624B680966}.Release|Any CPU.Build.0 = Release|Any CPU
		{E1422790-2495-400C-978C-12F82D10A41B}.Debug|Any CPU.ActiveCfg = Debug|Any CPU
		{E1422790-2495-400C-978C-12F82D10A41B}.Debug|Any CPU.Build.0 = Debug|Any CPU
		{E1422790-2495-400C-978C-12F82D10A41B}.Release|Any CPU.ActiveCfg = Release|Any CPU
		{E1422790-2495-400C-978C-12F82D10A41B}.Release|Any CPU.Build.0 = Release|Any CPU
		{55EFE209-2E63-47F5-A5B7-7F6A9E9DBC1A}.Debug|Any CPU.ActiveCfg = Debug|Any CPU
		{55EFE209-2E63-47F5-A5B7-7F6A9E9DBC1A}.Debug|Any CPU.Build.0 = Debug|Any CPU
		{55EFE209-2E63-47F5-A5B7-7F6A9E9DBC1A}.Release|Any CPU.ActiveCfg = Release|Any CPU
		{55EFE209-2E63-47F5-A5B7-7F6A9E9DBC1A}.Release|Any CPU.Build.0 = Release|Any CPU
		{8B77127B-C175-4EC4-89F0-AEFA469D3F05}.Debug|Any CPU.ActiveCfg = Debug|Any CPU
		{8B77127B-C175-4EC4-89F0-AEFA469D3F05}.Debug|Any CPU.Build.0 = Debug|Any CPU
		{8B77127B-C175-4EC4-89F0-AEFA469D3F05}.Release|Any CPU.ActiveCfg = Release|Any CPU
		{8B77127B-C175-4EC4-89F0-AEFA469D3F05}.Release|Any CPU.Build.0 = Release|Any CPU
		{C21BA999-A3A7-4014-B572-545A05EDEB91}.Debug|Any CPU.ActiveCfg = Debug|Any CPU
		{C21BA999-A3A7-4014-B572-545A05EDEB91}.Debug|Any CPU.Build.0 = Debug|Any CPU
		{C21BA999-A3A7-4014-B572-545A05EDEB91}.Release|Any CPU.ActiveCfg = Release|Any CPU
		{C21BA999-A3A7-4014-B572-545A05EDEB91}.Release|Any CPU.Build.0 = Release|Any CPU
		{0BAD1077-9A80-4B03-B139-83FB9AFE8EC5}.Debug|Any CPU.ActiveCfg = Debug|Any CPU
		{0BAD1077-9A80-4B03-B139-83FB9AFE8EC5}.Debug|Any CPU.Build.0 = Debug|Any CPU
		{0BAD1077-9A80-4B03-B139-83FB9AFE8EC5}.Release|Any CPU.ActiveCfg = Release|Any CPU
		{0BAD1077-9A80-4B03-B139-83FB9AFE8EC5}.Release|Any CPU.Build.0 = Release|Any CPU
		{1B3297CE-D166-4091-BCBC-C2548B23762E}.Debug|Any CPU.ActiveCfg = Debug|Any CPU
		{1B3297CE-D166-4091-BCBC-C2548B23762E}.Debug|Any CPU.Build.0 = Debug|Any CPU
		{1B3297CE-D166-4091-BCBC-C2548B23762E}.Release|Any CPU.ActiveCfg = Release|Any CPU
		{1B3297CE-D166-4091-BCBC-C2548B23762E}.Release|Any CPU.Build.0 = Release|Any CPU
		{F9E746F9-1947-4680-A300-C8FD2C6D615B}.Debug|Any CPU.ActiveCfg = Debug|Any CPU
		{F9E746F9-1947-4680-A300-C8FD2C6D615B}.Debug|Any CPU.Build.0 = Debug|Any CPU
		{F9E746F9-1947-4680-A300-C8FD2C6D615B}.Release|Any CPU.ActiveCfg = Release|Any CPU
		{F9E746F9-1947-4680-A300-C8FD2C6D615B}.Release|Any CPU.Build.0 = Release|Any CPU
		{529A81EB-D151-442B-8A7C-B633B2D5587D}.Debug|Any CPU.ActiveCfg = Debug|Any CPU
		{529A81EB-D151-442B-8A7C-B633B2D5587D}.Debug|Any CPU.Build.0 = Debug|Any CPU
		{529A81EB-D151-442B-8A7C-B633B2D5587D}.Release|Any CPU.ActiveCfg = Release|Any CPU
		{529A81EB-D151-442B-8A7C-B633B2D5587D}.Release|Any CPU.Build.0 = Release|Any CPU
		{576DF870-0E68-4DEC-8606-5C59A54B7F95}.Debug|Any CPU.ActiveCfg = Debug|Any CPU
		{576DF870-0E68-4DEC-8606-5C59A54B7F95}.Debug|Any CPU.Build.0 = Debug|Any CPU
		{576DF870-0E68-4DEC-8606-5C59A54B7F95}.Release|Any CPU.ActiveCfg = Release|Any CPU
		{576DF870-0E68-4DEC-8606-5C59A54B7F95}.Release|Any CPU.Build.0 = Release|Any CPU
		{42047E37-CC31-47AB-B3F4-2639BEC6299E}.Debug|Any CPU.ActiveCfg = Debug|Any CPU
		{42047E37-CC31-47AB-B3F4-2639BEC6299E}.Debug|Any CPU.Build.0 = Debug|Any CPU
		{42047E37-CC31-47AB-B3F4-2639BEC6299E}.Release|Any CPU.ActiveCfg = Release|Any CPU
		{42047E37-CC31-47AB-B3F4-2639BEC6299E}.Release|Any CPU.Build.0 = Release|Any CPU
	EndGlobalSection
	GlobalSection(NestedProjects) = preSolution
		{73EAAD12-8C7C-41A8-8251-22F0A92E2753} = {7C0B57EB-3C47-486D-857F-880C4782752E}
		{7B299B64-636C-470F-8138-B7463A3693BD} = {7C0B57EB-3C47-486D-857F-880C4782752E}
		{B1D2044D-A7BD-462B-9CA5-E2624B680966} = {C3E1D31B-5256-4501-BF6F-C7BC0617745C}
		{E1422790-2495-400C-978C-12F82D10A41B} = {C3E1D31B-5256-4501-BF6F-C7BC0617745C}
		{55EFE209-2E63-47F5-A5B7-7F6A9E9DBC1A} = {C3E1D31B-5256-4501-BF6F-C7BC0617745C}
		{8B77127B-C175-4EC4-89F0-AEFA469D3F05} = {B46AC3E1-AAC0-4A39-A2E2-3F9C65F9E67D}
		{C21BA999-A3A7-4014-B572-545A05EDEB91} = {B46AC3E1-AAC0-4A39-A2E2-3F9C65F9E67D}
		{0BAD1077-9A80-4B03-B139-83FB9AFE8EC5} = {B46AC3E1-AAC0-4A39-A2E2-3F9C65F9E67D}
		{1B3297CE-D166-4091-BCBC-C2548B23762E} = {B46AC3E1-AAC0-4A39-A2E2-3F9C65F9E67D}
		{F9E746F9-1947-4680-A300-C8FD2C6D615B} = {B46AC3E1-AAC0-4A39-A2E2-3F9C65F9E67D}
		{529A81EB-D151-442B-8A7C-B633B2D5587D} = {91BDAA17-EEF1-455F-BE95-2A82842F0B21}
		{576DF870-0E68-4DEC-8606-5C59A54B7F95} = {2C5DD9AF-E265-4EEB-B96A-BED94C72417C}
		{42047E37-CC31-47AB-B3F4-2639BEC6299E} = {2C5DD9AF-E265-4EEB-B96A-BED94C72417C}
	EndGlobalSection
EndGlobal
